
Microsoft Visual Studio Solution File, Format Version 12.00
# Visual Studio 15
VisualStudioVersion = 15.0.26114.2
MinimumVisualStudioVersion = 10.0.40219.1
Project("{2150E333-8FDC-42A3-9474-1A3956D46DE8}") = "src", "src", "{FF0B3CA4-D917-465F-8C76-C87F12D6E9E8}"
EndProject
Project("{FAE04EC0-301F-11D3-BF4B-00C04F79EFBC}") = "DesignPatterns", "src\DesignPatterns\DesignPatterns.csproj", "{15464B1F-1494-455A-B5F1-FB2B9BB3F92D}"
EndProject
Project("{FAE04EC0-301F-11D3-BF4B-00C04F79EFBC}") = "Test2", "src\Test2\Test2.csproj", "{66CB2FF8-E3A9-49E3-8EF3-702FAA436758}"
EndProject
Project("{FAE04EC0-301F-11D3-BF4B-00C04F79EFBC}") = "TestClass", "src\TestClass\TestClass.csproj", "{1E5EDB26-2BA3-4A87-AD3C-68D2F4FEF32B}"
EndProject
Global
	GlobalSection(SolutionConfigurationPlatforms) = preSolution
		Debug|Any CPU = Debug|Any CPU
		Release|Any CPU = Release|Any CPU
	EndGlobalSection
	GlobalSection(ProjectConfigurationPlatforms) = postSolution
		{15464B1F-1494-455A-B5F1-FB2B9BB3F92D}.Debug|Any CPU.ActiveCfg = Debug|Any CPU
		{15464B1F-1494-455A-B5F1-FB2B9BB3F92D}.Debug|Any CPU.Build.0 = Debug|Any CPU
		{15464B1F-1494-455A-B5F1-FB2B9BB3F92D}.Release|Any CPU.ActiveCfg = Release|Any CPU
		{15464B1F-1494-455A-B5F1-FB2B9BB3F92D}.Release|Any CPU.Build.0 = Release|Any CPU
		{66CB2FF8-E3A9-49E3-8EF3-702FAA436758}.Debug|Any CPU.ActiveCfg = Debug|Any CPU
		{66CB2FF8-E3A9-49E3-8EF3-702FAA436758}.Debug|Any CPU.Build.0 = Debug|Any CPU
		{66CB2FF8-E3A9-49E3-8EF3-702FAA436758}.Release|Any CPU.ActiveCfg = Release|Any CPU
		{66CB2FF8-E3A9-49E3-8EF3-702FAA436758}.Release|Any CPU.Build.0 = Release|Any CPU
		{1E5EDB26-2BA3-4A87-AD3C-68D2F4FEF32B}.Debug|Any CPU.ActiveCfg = Debug|Any CPU
		{1E5EDB26-2BA3-4A87-AD3C-68D2F4FEF32B}.Debug|Any CPU.Build.0 = Debug|Any CPU
		{1E5EDB26-2BA3-4A87-AD3C-68D2F4FEF32B}.Release|Any CPU.ActiveCfg = Release|Any CPU
		{1E5EDB26-2BA3-4A87-AD3C-68D2F4FEF32B}.Release|Any CPU.Build.0 = Release|Any CPU
	EndGlobalSection
	GlobalSection(SolutionProperties) = preSolution
		HideSolutionNode = FALSE
	EndGlobalSection
	GlobalSection(NestedProjects) = preSolution
		{15464B1F-1494-455A-B5F1-FB2B9BB3F92D} = {FF0B3CA4-D917-465F-8C76-C87F12D6E9E8}
		{66CB2FF8-E3A9-49E3-8EF3-702FAA436758} = {FF0B3CA4-D917-465F-8C76-C87F12D6E9E8}
		{1E5EDB26-2BA3-4A87-AD3C-68D2F4FEF32B} = {FF0B3CA4-D917-465F-8C76-C87F12D6E9E8}
	EndGlobalSection
EndGlobal
